
Microsoft Visual Studio Solution File, Format Version 12.00
# Visual Studio 15
VisualStudioVersion = 15.0.26430.15
MinimumVisualStudioVersion = 10.0.40219.1
Project("{FAE04EC0-301F-11D3-BF4B-00C04F79EFBC}") = "SimpleTcp", "SimpleTcp\SimpleTcp.csproj", "{622A3F7F-15D8-480B-94ED-832F70E8475A}"
EndProject
Project("{FAE04EC0-301F-11D3-BF4B-00C04F79EFBC}") = "SimplePackets", "SimplePackets\SimplePackets.csproj", "{02099D3B-EDF4-4D4B-A70E-B381ABA41CAB}"
EndProject
Project("{FAE04EC0-301F-11D3-BF4B-00C04F79EFBC}") = "ChatterServer", "ChatterServer\ChatterServer.csproj", "{618B56D0-F427-4957-8835-9462C2C8A811}"
EndProject
Project("{FAE04EC0-301F-11D3-BF4B-00C04F79EFBC}") = "ChatterClient", "ChatterClient\ChatterClient.csproj", "{5ABE25EF-6C55-42BF-8E0E-85B2646C777B}"
EndProject
Global
	GlobalSection(SolutionConfigurationPlatforms) = preSolution
		Debug|Any CPU = Debug|Any CPU
		Release|Any CPU = Release|Any CPU
	EndGlobalSection
	GlobalSection(ProjectConfigurationPlatforms) = postSolution
		{622A3F7F-15D8-480B-94ED-832F70E8475A}.Debug|Any CPU.ActiveCfg = Debug|Any CPU
		{622A3F7F-15D8-480B-94ED-832F70E8475A}.Debug|Any CPU.Build.0 = Debug|Any CPU
		{622A3F7F-15D8-480B-94ED-832F70E8475A}.Release|Any CPU.ActiveCfg = Release|Any CPU
		{622A3F7F-15D8-480B-94ED-832F70E8475A}.Release|Any CPU.Build.0 = Release|Any CPU
		{02099D3B-EDF4-4D4B-A70E-B381ABA41CAB}.Debug|Any CPU.ActiveCfg = Debug|Any CPU
		{02099D3B-EDF4-4D4B-A70E-B381ABA41CAB}.Debug|Any CPU.Build.0 = Debug|Any CPU
		{02099D3B-EDF4-4D4B-A70E-B381ABA41CAB}.Release|Any CPU.ActiveCfg = Release|Any CPU
		{02099D3B-EDF4-4D4B-A70E-B381ABA41CAB}.Release|Any CPU.Build.0 = Release|Any CPU
		{618B56D0-F427-4957-8835-9462C2C8A811}.Debug|Any CPU.ActiveCfg = Debug|Any CPU
		{618B56D0-F427-4957-8835-9462C2C8A811}.Debug|Any CPU.Build.0 = Debug|Any CPU
		{618B56D0-F427-4957-8835-9462C2C8A811}.Release|Any CPU.ActiveCfg = Release|Any CPU
		{618B56D0-F427-4957-8835-9462C2C8A811}.Release|Any CPU.Build.0 = Release|Any CPU
		{5ABE25EF-6C55-42BF-8E0E-85B2646C777B}.Debug|Any CPU.ActiveCfg = Debug|Any CPU
		{5ABE25EF-6C55-42BF-8E0E-85B2646C777B}.Debug|Any CPU.Build.0 = Debug|Any CPU
		{5ABE25EF-6C55-42BF-8E0E-85B2646C777B}.Release|Any CPU.ActiveCfg = Release|Any CPU
		{5ABE25EF-6C55-42BF-8E0E-85B2646C777B}.Release|Any CPU.Build.0 = Release|Any CPU
	EndGlobalSection
	GlobalSection(SolutionProperties) = preSolution
		HideSolutionNode = FALSE
	EndGlobalSection
EndGlobal
